
Microsoft Visual Studio Solution File, Format Version 12.00
# Visual Studio 2015
Project("{FAE04EC0-301F-11D3-BF4B-00C04F79EFBC}") = "ClashOfClan.CSharp", "ClashOfClan.CSharp.csproj", "{495AD081-3EF7-F8A4-0389-48BEC05C3892}"
EndProject
Project("{FAE04EC0-301F-11D3-BF4B-00C04F79EFBC}") = "ClashOfClan.CSharp.Editor", "ClashOfClan.CSharp.Editor.csproj", "{C3413A37-DFC9-D2EB-4279-4D94B67F24F7}"
EndProject
Global
	GlobalSection(SolutionConfigurationPlatforms) = preSolution
		Debug|Any CPU = Debug|Any CPU
		Release|Any CPU = Release|Any CPU
	EndGlobalSection
	GlobalSection(ProjectConfigurationPlatforms) = postSolution
		{495AD081-3EF7-F8A4-0389-48BEC05C3892}.Debug|Any CPU.ActiveCfg = Debug|Any CPU
		{495AD081-3EF7-F8A4-0389-48BEC05C3892}.Debug|Any CPU.Build.0 = Debug|Any CPU
		{495AD081-3EF7-F8A4-0389-48BEC05C3892}.Release|Any CPU.ActiveCfg = Release|Any CPU
		{495AD081-3EF7-F8A4-0389-48BEC05C3892}.Release|Any CPU.Build.0 = Release|Any CPU
		{C3413A37-DFC9-D2EB-4279-4D94B67F24F7}.Debug|Any CPU.ActiveCfg = Debug|Any CPU
		{C3413A37-DFC9-D2EB-4279-4D94B67F24F7}.Debug|Any CPU.Build.0 = Debug|Any CPU
		{C3413A37-DFC9-D2EB-4279-4D94B67F24F7}.Release|Any CPU.ActiveCfg = Release|Any CPU
		{C3413A37-DFC9-D2EB-4279-4D94B67F24F7}.Release|Any CPU.Build.0 = Release|Any CPU
	EndGlobalSection
	GlobalSection(SolutionProperties) = preSolution
		HideSolutionNode = FALSE
	EndGlobalSection
EndGlobal
